// !$*UTF8*$!
{
	archiveVersion = 1;
	classes = {
	};
	objectVersion = 50;
	objects = {

/* Begin PBXBuildFile section */
		B674CCEE237AA56D007C7BB2 /* Searches.swift in Sources */ = {isa = PBXBuildFile; fileRef = B674CCED237AA56D007C7BB2 /* Searches.swift */; };
		B674CCF0237AA66A007C7BB2 /* Search Test.swift in Sources */ = {isa = PBXBuildFile; fileRef = B674CCEF237AA66A007C7BB2 /* Search Test.swift */; };
		B674CCF2237D76C8007C7BB2 /* Unknown.swift in Sources */ = {isa = PBXBuildFile; fileRef = B674CCF1237D76C8007C7BB2 /* Unknown.swift */; };
		B674CCF4237D76E0007C7BB2 /* Unknown Test.swift in Sources */ = {isa = PBXBuildFile; fileRef = B674CCF3237D76E0007C7BB2 /* Unknown Test.swift */; };
		B674CCF5237D7DBE007C7BB2 /* Unknown.swift in Sources */ = {isa = PBXBuildFile; fileRef = B674CCF1237D76C8007C7BB2 /* Unknown.swift */; };
		B674CCF6237D7DC3007C7BB2 /* Searches.swift in Sources */ = {isa = PBXBuildFile; fileRef = B674CCED237AA56D007C7BB2 /* Searches.swift */; };
		B6BBA7AE23743DC100DF94EE /* Sorting Test.swift in Sources */ = {isa = PBXBuildFile; fileRef = B6BBA7AD23743DC100DF94EE /* Sorting Test.swift */; };
		B6BBA7B023743F1600DF94EE /* Sorting.swift in Sources */ = {isa = PBXBuildFile; fileRef = B6BBA7AF23743F1600DF94EE /* Sorting.swift */; };
		B6BBA7B123743F4D00DF94EE /* Sorting.swift in Sources */ = {isa = PBXBuildFile; fileRef = B6BBA7AF23743F1600DF94EE /* Sorting.swift */; };
		B6CF372423718D15002115D9 /* main.swift in Sources */ = {isa = PBXBuildFile; fileRef = B6CF372323718D15002115D9 /* main.swift */; };
		B6CF373123719244002115D9 /* Standard_Algorithmstests.swift in Sources */ = {isa = PBXBuildFile; fileRef = B6CF373023719244002115D9 /* Standard_Algorithmstests.swift */; };
/* End PBXBuildFile section */

/* Begin PBXCopyFilesBuildPhase section */
		B6CF371E23718D15002115D9 /* CopyFiles */ = {
			isa = PBXCopyFilesBuildPhase;
			buildActionMask = 2147483647;
			dstPath = /usr/share/man/man1/;
			dstSubfolderSpec = 0;
			files = (
			);
			runOnlyForDeploymentPostprocessing = 1;
		};
/* End PBXCopyFilesBuildPhase section */

/* Begin PBXFileReference section */
		B674CCED237AA56D007C7BB2 /* Searches.swift */ = {isa = PBXFileReference; lastKnownFileType = sourcecode.swift; path = Searches.swift; sourceTree = "<group>"; };
		B674CCEF237AA66A007C7BB2 /* Search Test.swift */ = {isa = PBXFileReference; lastKnownFileType = sourcecode.swift; path = "Search Test.swift"; sourceTree = "<group>"; };
		B674CCF1237D76C8007C7BB2 /* Unknown.swift */ = {isa = PBXFileReference; lastKnownFileType = sourcecode.swift; path = Unknown.swift; sourceTree = "<group>"; };
		B674CCF3237D76E0007C7BB2 /* Unknown Test.swift */ = {isa = PBXFileReference; lastKnownFileType = sourcecode.swift; path = "Unknown Test.swift"; sourceTree = "<group>"; };
		B6BBA7AD23743DC100DF94EE /* Sorting Test.swift */ = {isa = PBXFileReference; lastKnownFileType = sourcecode.swift; path = "Sorting Test.swift"; sourceTree = "<group>"; };
		B6BBA7AF23743F1600DF94EE /* Sorting.swift */ = {isa = PBXFileReference; lastKnownFileType = sourcecode.swift; path = Sorting.swift; sourceTree = "<group>"; };
		B6CF372023718D15002115D9 /* Standard Algorithms */ = {isa = PBXFileReference; explicitFileType = "compiled.mach-o.executable"; includeInIndex = 0; path = "Standard Algorithms"; sourceTree = BUILT_PRODUCTS_DIR; };
		B6CF372323718D15002115D9 /* main.swift */ = {isa = PBXFileReference; lastKnownFileType = sourcecode.swift; path = main.swift; sourceTree = "<group>"; };
		B6CF372E23719244002115D9 /* Standard Algorithmstests.xctest */ = {isa = PBXFileReference; explicitFileType = wrapper.cfbundle; includeInIndex = 0; path = "Standard Algorithmstests.xctest"; sourceTree = BUILT_PRODUCTS_DIR; };
		B6CF373023719244002115D9 /* Standard_Algorithmstests.swift */ = {isa = PBXFileReference; lastKnownFileType = sourcecode.swift; path = Standard_Algorithmstests.swift; sourceTree = "<group>"; };
		B6CF373223719244002115D9 /* Info.plist */ = {isa = PBXFileReference; lastKnownFileType = text.plist.xml; path = Info.plist; sourceTree = "<group>"; };
/* End PBXFileReference section */

/* Begin PBXFrameworksBuildPhase section */
		B6CF371D23718D15002115D9 /* Frameworks */ = {
			isa = PBXFrameworksBuildPhase;
			buildActionMask = 2147483647;
			files = (
			);
			runOnlyForDeploymentPostprocessing = 0;
		};
		B6CF372B23719244002115D9 /* Frameworks */ = {
			isa = PBXFrameworksBuildPhase;
			buildActionMask = 2147483647;
			files = (
			);
			runOnlyForDeploymentPostprocessing = 0;
		};
/* End PBXFrameworksBuildPhase section */

/* Begin PBXGroup section */
		B6CF371723718D15002115D9 = {
			isa = PBXGroup;
			children = (
				B6CF372223718D15002115D9 /* Standard Algorithms */,
				B6CF372F23719244002115D9 /* Standard Algorithmstests */,
				B6CF372123718D15002115D9 /* Products */,
			);
			sourceTree = "<group>";
		};
		B6CF372123718D15002115D9 /* Products */ = {
			isa = PBXGroup;
			children = (
				B6CF372023718D15002115D9 /* Standard Algorithms */,
				B6CF372E23719244002115D9 /* Standard Algorithmstests.xctest */,
			);
			name = Products;
			sourceTree = "<group>";
		};
		B6CF372223718D15002115D9 /* Standard Algorithms */ = {
			isa = PBXGroup;
			children = (
				B6CF372323718D15002115D9 /* main.swift */,
				B6BBA7AF23743F1600DF94EE /* Sorting.swift */,
				B674CCED237AA56D007C7BB2 /* Searches.swift */,
				B674CCF1237D76C8007C7BB2 /* Unknown.swift */,
			);
			path = "Standard Algorithms";
			sourceTree = "<group>";
		};
		B6CF372F23719244002115D9 /* Standard Algorithmstests */ = {
			isa = PBXGroup;
			children = (
				B6CF373023719244002115D9 /* Standard_Algorithmstests.swift */,
				B6CF373223719244002115D9 /* Info.plist */,
				B6BBA7AD23743DC100DF94EE /* Sorting Test.swift */,
				B674CCEF237AA66A007C7BB2 /* Search Test.swift */,
				B674CCF3237D76E0007C7BB2 /* Unknown Test.swift */,
			);
			path = "Standard Algorithmstests";
			sourceTree = "<group>";
		};
/* End PBXGroup section */

/* Begin PBXNativeTarget section */
		B6CF371F23718D15002115D9 /* Standard Algorithms */ = {
			isa = PBXNativeTarget;
			buildConfigurationList = B6CF372723718D15002115D9 /* Build configuration list for PBXNativeTarget "Standard Algorithms" */;
			buildPhases = (
				B6CF371C23718D15002115D9 /* Sources */,
				B6CF371D23718D15002115D9 /* Frameworks */,
				B6CF371E23718D15002115D9 /* CopyFiles */,
			);
			buildRules = (
			);
			dependencies = (
			);
			name = "Standard Algorithms";
			productName = "Standard Algorithms";
			productReference = B6CF372023718D15002115D9 /* Standard Algorithms */;
			productType = "com.apple.product-type.tool";
		};
		B6CF372D23719244002115D9 /* Standard Algorithmstests */ = {
			isa = PBXNativeTarget;
			buildConfigurationList = B6CF373323719244002115D9 /* Build configuration list for PBXNativeTarget "Standard Algorithmstests" */;
			buildPhases = (
				B6CF372A23719244002115D9 /* Sources */,
				B6CF372B23719244002115D9 /* Frameworks */,
				B6CF372C23719244002115D9 /* Resources */,
			);
			buildRules = (
			);
			dependencies = (
			);
			name = "Standard Algorithmstests";
			productName = "Standard Algorithmstests";
			productReference = B6CF372E23719244002115D9 /* Standard Algorithmstests.xctest */;
			productType = "com.apple.product-type.bundle.unit-test";
		};
/* End PBXNativeTarget section */

/* Begin PBXProject section */
		B6CF371823718D15002115D9 /* Project object */ = {
			isa = PBXProject;
			attributes = {
				LastSwiftUpdateCheck = 1120;
				LastUpgradeCheck = 1120;
				ORGANIZATIONNAME = "Manners, William (Coll)";
				TargetAttributes = {
					B6CF371F23718D15002115D9 = {
						CreatedOnToolsVersion = 11.2;
					};
					B6CF372D23719244002115D9 = {
						CreatedOnToolsVersion = 11.2;
					};
				};
			};
			buildConfigurationList = B6CF371B23718D15002115D9 /* Build configuration list for PBXProject "Standard Algorithms" */;
			compatibilityVersion = "Xcode 9.3";
			developmentRegion = en;
			hasScannedForEncodings = 0;
			knownRegions = (
				en,
				Base,
			);
			mainGroup = B6CF371723718D15002115D9;
			productRefGroup = B6CF372123718D15002115D9 /* Products */;
			projectDirPath = "";
			projectRoot = "";
			targets = (
				B6CF371F23718D15002115D9 /* Standard Algorithms */,
				B6CF372D23719244002115D9 /* Standard Algorithmstests */,
			);
		};
/* End PBXProject section */

/* Begin PBXResourcesBuildPhase section */
		B6CF372C23719244002115D9 /* Resources */ = {
			isa = PBXResourcesBuildPhase;
			buildActionMask = 2147483647;
			files = (
			);
			runOnlyForDeploymentPostprocessing = 0;
		};
/* End PBXResourcesBuildPhase section */

/* Begin PBXSourcesBuildPhase section */
		B6CF371C23718D15002115D9 /* Sources */ = {
			isa = PBXSourcesBuildPhase;
			buildActionMask = 2147483647;
			files = (
				B674CCF2237D76C8007C7BB2 /* Unknown.swift in Sources */,
				B6CF372423718D15002115D9 /* main.swift in Sources */,
				B6BBA7B023743F1600DF94EE /* Sorting.swift in Sources */,
				B674CCEE237AA56D007C7BB2 /* Searches.swift in Sources */,
			);
			runOnlyForDeploymentPostprocessing = 0;
		};
		B6CF372A23719244002115D9 /* Sources */ = {
			isa = PBXSourcesBuildPhase;
			buildActionMask = 2147483647;
			files = (
				B6BBA7B123743F4D00DF94EE /* Sorting.swift in Sources */,
				B6CF373123719244002115D9 /* Standard_Algorithmstests.swift in Sources */,
				B674CCF0237AA66A007C7BB2 /* Search Test.swift in Sources */,
				B674CCF6237D7DC3007C7BB2 /* Searches.swift in Sources */,
				B6BBA7AE23743DC100DF94EE /* Sorting Test.swift in Sources */,
				B674CCF5237D7DBE007C7BB2 /* Unknown.swift in Sources */,
				B674CCF4237D76E0007C7BB2 /* Unknown Test.swift in Sources */,
			);
			runOnlyForDeploymentPostprocessing = 0;
		};
/* End PBXSourcesBuildPhase section */

/* Begin XCBuildConfiguration section */
		B6CF372523718D15002115D9 /* Debug */ = {
			isa = XCBuildConfiguration;
			buildSettings = {
				ALWAYS_SEARCH_USER_PATHS = NO;
				CLANG_ANALYZER_NONNULL = YES;
				CLANG_ANALYZER_NUMBER_OBJECT_CONVERSION = YES_AGGRESSIVE;
				CLANG_CXX_LANGUAGE_STANDARD = "gnu++14";
				CLANG_CXX_LIBRARY = "libc++";
				CLANG_ENABLE_MODULES = YES;
				CLANG_ENABLE_OBJC_ARC = YES;
				CLANG_ENABLE_OBJC_WEAK = YES;
				CLANG_WARN_BLOCK_CAPTURE_AUTORELEASING = YES;
				CLANG_WARN_BOOL_CONVERSION = YES;
				CLANG_WARN_COMMA = YES;
				CLANG_WARN_CONSTANT_CONVERSION = YES;
				CLANG_WARN_DEPRECATED_OBJC_IMPLEMENTATIONS = YES;
				CLANG_WARN_DIRECT_OBJC_ISA_USAGE = YES_ERROR;
				CLANG_WARN_DOCUMENTATION_COMMENTS = YES;
				CLANG_WARN_EMPTY_BODY = YES;
				CLANG_WARN_ENUM_CONVERSION = YES;
				CLANG_WARN_INFINITE_RECURSION = YES;
				CLANG_WARN_INT_CONVERSION = YES;
				CLANG_WARN_NON_LITERAL_NULL_CONVERSION = YES;
				CLANG_WARN_OBJC_IMPLICIT_RETAIN_SELF = YES;
				CLANG_WARN_OBJC_LITERAL_CONVERSION = YES;
				CLANG_WARN_OBJC_ROOT_CLASS = YES_ERROR;
				CLANG_WARN_RANGE_LOOP_ANALYSIS = YES;
				CLANG_WARN_STRICT_PROTOTYPES = YES;
				CLANG_WARN_SUSPICIOUS_MOVE = YES;
				CLANG_WARN_UNGUARDED_AVAILABILITY = YES_AGGRESSIVE;
				CLANG_WARN_UNREACHABLE_CODE = YES;
				CLANG_WARN__DUPLICATE_METHOD_MATCH = YES;
				COPY_PHASE_STRIP = NO;
				DEBUG_INFORMATION_FORMAT = dwarf;
				ENABLE_STRICT_OBJC_MSGSEND = YES;
				ENABLE_TESTABILITY = YES;
				GCC_C_LANGUAGE_STANDARD = gnu11;
				GCC_DYNAMIC_NO_PIC = NO;
				GCC_NO_COMMON_BLOCKS = YES;
				GCC_OPTIMIZATION_LEVEL = 0;
				GCC_PREPROCESSOR_DEFINITIONS = (
					"DEBUG=1",
					"$(inherited)",
				);
				GCC_WARN_64_TO_32_BIT_CONVERSION = YES;
				GCC_WARN_ABOUT_RETURN_TYPE = YES_ERROR;
				GCC_WARN_UNDECLARED_SELECTOR = YES;
				GCC_WARN_UNINITIALIZED_AUTOS = YES_AGGRESSIVE;
				GCC_WARN_UNUSED_FUNCTION = YES;
				GCC_WARN_UNUSED_VARIABLE = YES;
				MACOSX_DEPLOYMENT_TARGET = 10.14;
				MTL_ENABLE_DEBUG_INFO = INCLUDE_SOURCE;
				MTL_FAST_MATH = YES;
				ONLY_ACTIVE_ARCH = YES;
				SDKROOT = macosx;
				SWIFT_ACTIVE_COMPILATION_CONDITIONS = DEBUG;
				SWIFT_OPTIMIZATION_LEVEL = "-Onone";
			};
			name = Debug;
		};
		B6CF372623718D15002115D9 /* Release */ = {
			isa = XCBuildConfiguration;
			buildSettings = {
				ALWAYS_SEARCH_USER_PATHS = NO;
				CLANG_ANALYZER_NONNULL = YES;
				CLANG_ANALYZER_NUMBER_OBJECT_CONVERSION = YES_AGGRESSIVE;
				CLANG_CXX_LANGUAGE_STANDARD = "gnu++14";
				CLANG_CXX_LIBRARY = "libc++";
				CLANG_ENABLE_MODULES = YES;
				CLANG_ENABLE_OBJC_ARC = YES;
				CLANG_ENABLE_OBJC_WEAK = YES;
				CLANG_WARN_BLOCK_CAPTURE_AUTORELEASING = YES;
				CLANG_WARN_BOOL_CONVERSION = YES;
				CLANG_WARN_COMMA = YES;
				CLANG_WARN_CONSTANT_CONVERSION = YES;
				CLANG_WARN_DEPRECATED_OBJC_IMPLEMENTATIONS = YES;
				CLANG_WARN_DIRECT_OBJC_ISA_USAGE = YES_ERROR;
				CLANG_WARN_DOCUMENTATION_COMMENTS = YES;
				CLANG_WARN_EMPTY_BODY = YES;
				CLANG_WARN_ENUM_CONVERSION = YES;
				CLANG_WARN_INFINITE_RECURSION = YES;
				CLANG_WARN_INT_CONVERSION = YES;
				CLANG_WARN_NON_LITERAL_NULL_CONVERSION = YES;
				CLANG_WARN_OBJC_IMPLICIT_RETAIN_SELF = YES;
				CLANG_WARN_OBJC_LITERAL_CONVERSION = YES;
				CLANG_WARN_OBJC_ROOT_CLASS = YES_ERROR;
				CLANG_WARN_RANGE_LOOP_ANALYSIS = YES;
				CLANG_WARN_STRICT_PROTOTYPES = YES;
				CLANG_WARN_SUSPICIOUS_MOVE = YES;
				CLANG_WARN_UNGUARDED_AVAILABILITY = YES_AGGRESSIVE;
				CLANG_WARN_UNREACHABLE_CODE = YES;
				CLANG_WARN__DUPLICATE_METHOD_MATCH = YES;
				COPY_PHASE_STRIP = NO;
				DEBUG_INFORMATION_FORMAT = "dwarf-with-dsym";
				ENABLE_NS_ASSERTIONS = NO;
				ENABLE_STRICT_OBJC_MSGSEND = YES;
				GCC_C_LANGUAGE_STANDARD = gnu11;
				GCC_NO_COMMON_BLOCKS = YES;
				GCC_WARN_64_TO_32_BIT_CONVERSION = YES;
				GCC_WARN_ABOUT_RETURN_TYPE = YES_ERROR;
				GCC_WARN_UNDECLARED_SELECTOR = YES;
				GCC_WARN_UNINITIALIZED_AUTOS = YES_AGGRESSIVE;
				GCC_WARN_UNUSED_FUNCTION = YES;
				GCC_WARN_UNUSED_VARIABLE = YES;
				MACOSX_DEPLOYMENT_TARGET = 10.14;
				MTL_ENABLE_DEBUG_INFO = NO;
				MTL_FAST_MATH = YES;
				SDKROOT = macosx;
				SWIFT_COMPILATION_MODE = wholemodule;
				SWIFT_OPTIMIZATION_LEVEL = "-O";
			};
			name = Release;
		};
		B6CF372823718D15002115D9 /* Debug */ = {
			isa = XCBuildConfiguration;
			buildSettings = {
				CODE_SIGN_STYLE = Automatic;
				PRODUCT_NAME = "$(TARGET_NAME)";
				SWIFT_VERSION = 5.0;
			};
			name = Debug;
		};
		B6CF372923718D15002115D9 /* Release */ = {
			isa = XCBuildConfiguration;
			buildSettings = {
				CODE_SIGN_STYLE = Automatic;
				PRODUCT_NAME = "$(TARGET_NAME)";
				SWIFT_VERSION = 5.0;
			};
			name = Release;
		};
		B6CF373423719244002115D9 /* Debug */ = {
			isa = XCBuildConfiguration;
			buildSettings = {
				CODE_SIGN_STYLE = Automatic;
				COMBINE_HIDPI_IMAGES = YES;
				INFOPLIST_FILE = "Standard Algorithmstests/Info.plist";
				LD_RUNPATH_SEARCH_PATHS = (
					"$(inherited)",
					"@executable_path/../Frameworks",
					"@loader_path/../Frameworks",
				);
				PRODUCT_BUNDLE_IDENTIFIER = "com.BillManners.Standard-Algorithmstests";
				PRODUCT_NAME = "$(TARGET_NAME)";
				SWIFT_VERSION = 5.0;
			};
			name = Debug;
		};
		B6CF373523719244002115D9 /* Release */ = {
			isa = XCBuildConfiguration;
			buildSettings = {
				CODE_SIGN_STYLE = Automatic;
				COMBINE_HIDPI_IMAGES = YES;
				INFOPLIST_FILE = "Standard Algorithmstests/Info.plist";
				LD_RUNPATH_SEARCH_PATHS = (
					"$(inherited)",
					"@executable_path/../Frameworks",
					"@loader_path/../Frameworks",
				);
				PRODUCT_BUNDLE_IDENTIFIER = "com.BillManners.Standard-Algorithmstests";
				PRODUCT_NAME = "$(TARGET_NAME)";
				SWIFT_VERSION = 5.0;
			};
			name = Release;
		};
/* End XCBuildConfiguration section */

/* Begin XCConfigurationList section */
		B6CF371B23718D15002115D9 /* Build configuration list for PBXProject "Standard Algorithms" */ = {
			isa = XCConfigurationList;
			buildConfigurations = (
				B6CF372523718D15002115D9 /* Debug */,
				B6CF372623718D15002115D9 /* Release */,
			);
			defaultConfigurationIsVisible = 0;
			defaultConfigurationName = Release;
		};
		B6CF372723718D15002115D9 /* Build configuration list for PBXNativeTarget "Standard Algorithms" */ = {
			isa = XCConfigurationList;
			buildConfigurations = (
				B6CF372823718D15002115D9 /* Debug */,
				B6CF372923718D15002115D9 /* Release */,
			);
			defaultConfigurationIsVisible = 0;
			defaultConfigurationName = Release;
		};
		B6CF373323719244002115D9 /* Build configuration list for PBXNativeTarget "Standard Algorithmstests" */ = {
			isa = XCConfigurationList;
			buildConfigurations = (
				B6CF373423719244002115D9 /* Debug */,
				B6CF373523719244002115D9 /* Release */,
			);
			defaultConfigurationIsVisible = 0;
			defaultConfigurationName = Release;
		};
/* End XCConfigurationList section */
	};
	rootObject = B6CF371823718D15002115D9 /* Project object */;
}
